
Microsoft Visual Studio Solution File, Format Version 12.00
# Visual Studio 15
VisualStudioVersion = 15.0.26124.0
MinimumVisualStudioVersion = 15.0.26124.0
Project("{FAE04EC0-301F-11D3-BF4B-00C04F79EFBC}") = "Domain", "Domain\Domain.csproj", "{DC27BDD6-685B-4671-AD48-433AD5E0E9BD}"
EndProject
Project("{FAE04EC0-301F-11D3-BF4B-00C04F79EFBC}") = "Application", "Application\Application.csproj", "{C46E655B-F865-4078-B746-1421A9FE6BB0}"
EndProject
Project("{FAE04EC0-301F-11D3-BF4B-00C04F79EFBC}") = "Persistence", "Persistence\Persistence.csproj", "{550BE6CE-1D94-4356-9401-375DAB5A7E80}"
EndProject
Project("{FAE04EC0-301F-11D3-BF4B-00C04F79EFBC}") = "API", "API\API.csproj", "{3A182A1A-FD23-4A07-A102-5947464B3489}"
EndProject
Project("{FAE04EC0-301F-11D3-BF4B-00C04F79EFBC}") = "Infrastructure", "Infrastructure\Infrastructure.csproj", "{B2D46473-8642-49F1-AD22-789A33A5C710}"
EndProject
Global
	GlobalSection(SolutionConfigurationPlatforms) = preSolution
		Debug|Any CPU = Debug|Any CPU
		Debug|x64 = Debug|x64
		Debug|x86 = Debug|x86
		Release|Any CPU = Release|Any CPU
		Release|x64 = Release|x64
		Release|x86 = Release|x86
	EndGlobalSection
	GlobalSection(SolutionProperties) = preSolution
		HideSolutionNode = FALSE
	EndGlobalSection
	GlobalSection(ProjectConfigurationPlatforms) = postSolution
		{DC27BDD6-685B-4671-AD48-433AD5E0E9BD}.Debug|Any CPU.ActiveCfg = Debug|Any CPU
		{DC27BDD6-685B-4671-AD48-433AD5E0E9BD}.Debug|Any CPU.Build.0 = Debug|Any CPU
		{DC27BDD6-685B-4671-AD48-433AD5E0E9BD}.Debug|x64.ActiveCfg = Debug|Any CPU
		{DC27BDD6-685B-4671-AD48-433AD5E0E9BD}.Debug|x64.Build.0 = Debug|Any CPU
		{DC27BDD6-685B-4671-AD48-433AD5E0E9BD}.Debug|x86.ActiveCfg = Debug|Any CPU
		{DC27BDD6-685B-4671-AD48-433AD5E0E9BD}.Debug|x86.Build.0 = Debug|Any CPU
		{DC27BDD6-685B-4671-AD48-433AD5E0E9BD}.Release|Any CPU.ActiveCfg = Release|Any CPU
		{DC27BDD6-685B-4671-AD48-433AD5E0E9BD}.Release|Any CPU.Build.0 = Release|Any CPU
		{DC27BDD6-685B-4671-AD48-433AD5E0E9BD}.Release|x64.ActiveCfg = Release|Any CPU
		{DC27BDD6-685B-4671-AD48-433AD5E0E9BD}.Release|x64.Build.0 = Release|Any CPU
		{DC27BDD6-685B-4671-AD48-433AD5E0E9BD}.Release|x86.ActiveCfg = Release|Any CPU
		{DC27BDD6-685B-4671-AD48-433AD5E0E9BD}.Release|x86.Build.0 = Release|Any CPU
		{C46E655B-F865-4078-B746-1421A9FE6BB0}.Debug|Any CPU.ActiveCfg = Debug|Any CPU
		{C46E655B-F865-4078-B746-1421A9FE6BB0}.Debug|Any CPU.Build.0 = Debug|Any CPU
		{C46E655B-F865-4078-B746-1421A9FE6BB0}.Debug|x64.ActiveCfg = Debug|Any CPU
		{C46E655B-F865-4078-B746-1421A9FE6BB0}.Debug|x64.Build.0 = Debug|Any CPU
		{C46E655B-F865-4078-B746-1421A9FE6BB0}.Debug|x86.ActiveCfg = Debug|Any CPU
		{C46E655B-F865-4078-B746-1421A9FE6BB0}.Debug|x86.Build.0 = Debug|Any CPU
		{C46E655B-F865-4078-B746-1421A9FE6BB0}.Release|Any CPU.ActiveCfg = Release|Any CPU
		{C46E655B-F865-4078-B746-1421A9FE6BB0}.Release|Any CPU.Build.0 = Release|Any CPU
		{C46E655B-F865-4078-B746-1421A9FE6BB0}.Release|x64.ActiveCfg = Release|Any CPU
		{C46E655B-F865-4078-B746-1421A9FE6BB0}.Release|x64.Build.0 = Release|Any CPU
		{C46E655B-F865-4078-B746-1421A9FE6BB0}.Release|x86.ActiveCfg = Release|Any CPU
		{C46E655B-F865-4078-B746-1421A9FE6BB0}.Release|x86.Build.0 = Release|Any CPU
		{550BE6CE-1D94-4356-9401-375DAB5A7E80}.Debug|Any CPU.ActiveCfg = Debug|Any CPU
		{550BE6CE-1D94-4356-9401-375DAB5A7E80}.Debug|Any CPU.Build.0 = Debug|Any CPU
		{550BE6CE-1D94-4356-9401-375DAB5A7E80}.Debug|x64.ActiveCfg = Debug|Any CPU
		{550BE6CE-1D94-4356-9401-375DAB5A7E80}.Debug|x64.Build.0 = Debug|Any CPU
		{550BE6CE-1D94-4356-9401-375DAB5A7E80}.Debug|x86.ActiveCfg = Debug|Any CPU
		{550BE6CE-1D94-4356-9401-375DAB5A7E80}.Debug|x86.Build.0 = Debug|Any CPU
		{550BE6CE-1D94-4356-9401-375DAB5A7E80}.Release|Any CPU.ActiveCfg = Release|Any CPU
		{550BE6CE-1D94-4356-9401-375DAB5A7E80}.Release|Any CPU.Build.0 = Release|Any CPU
		{550BE6CE-1D94-4356-9401-375DAB5A7E80}.Release|x64.ActiveCfg = Release|Any CPU
		{550BE6CE-1D94-4356-9401-375DAB5A7E80}.Release|x64.Build.0 = Release|Any CPU
		{550BE6CE-1D94-4356-9401-375DAB5A7E80}.Release|x86.ActiveCfg = Release|Any CPU
		{550BE6CE-1D94-4356-9401-375DAB5A7E80}.Release|x86.Build.0 = Release|Any CPU
		{3A182A1A-FD23-4A07-A102-5947464B3489}.Debug|Any CPU.ActiveCfg = Debug|Any CPU
		{3A182A1A-FD23-4A07-A102-5947464B3489}.Debug|Any CPU.Build.0 = Debug|Any CPU
		{3A182A1A-FD23-4A07-A102-5947464B3489}.Debug|x64.ActiveCfg = Debug|Any CPU
		{3A182A1A-FD23-4A07-A102-5947464B3489}.Debug|x64.Build.0 = Debug|Any CPU
		{3A182A1A-FD23-4A07-A102-5947464B3489}.Debug|x86.ActiveCfg = Debug|Any CPU
		{3A182A1A-FD23-4A07-A102-5947464B3489}.Debug|x86.Build.0 = Debug|Any CPU
		{3A182A1A-FD23-4A07-A102-5947464B3489}.Release|Any CPU.ActiveCfg = Release|Any CPU
		{3A182A1A-FD23-4A07-A102-5947464B3489}.Release|Any CPU.Build.0 = Release|Any CPU
		{3A182A1A-FD23-4A07-A102-5947464B3489}.Release|x64.ActiveCfg = Release|Any CPU
		{3A182A1A-FD23-4A07-A102-5947464B3489}.Release|x64.Build.0 = Release|Any CPU
		{3A182A1A-FD23-4A07-A102-5947464B3489}.Release|x86.ActiveCfg = Release|Any CPU
		{3A182A1A-FD23-4A07-A102-5947464B3489}.Release|x86.Build.0 = Release|Any CPU
		{B2D46473-8642-49F1-AD22-789A33A5C710}.Debug|Any CPU.ActiveCfg = Debug|Any CPU
		{B2D46473-8642-49F1-AD22-789A33A5C710}.Debug|Any CPU.Build.0 = Debug|Any CPU
		{B2D46473-8642-49F1-AD22-789A33A5C710}.Debug|x64.ActiveCfg = Debug|Any CPU
		{B2D46473-8642-49F1-AD22-789A33A5C710}.Debug|x64.Build.0 = Debug|Any CPU
		{B2D46473-8642-49F1-AD22-789A33A5C710}.Debug|x86.ActiveCfg = Debug|Any CPU
		{B2D46473-8642-49F1-AD22-789A33A5C710}.Debug|x86.Build.0 = Debug|Any CPU
		{B2D46473-8642-49F1-AD22-789A33A5C710}.Release|Any CPU.ActiveCfg = Release|Any CPU
		{B2D46473-8642-49F1-AD22-789A33A5C710}.Release|Any CPU.Build.0 = Release|Any CPU
		{B2D46473-8642-49F1-AD22-789A33A5C710}.Release|x64.ActiveCfg = Release|Any CPU
		{B2D46473-8642-49F1-AD22-789A33A5C710}.Release|x64.Build.0 = Release|Any CPU
		{B2D46473-8642-49F1-AD22-789A33A5C710}.Release|x86.ActiveCfg = Release|Any CPU
		{B2D46473-8642-49F1-AD22-789A33A5C710}.Release|x86.Build.0 = Release|Any CPU
	EndGlobalSection
EndGlobal
